
Microsoft Visual Studio Solution File, Format Version 12.00
# Visual Studio Version 16
VisualStudioVersion = 16.0.31515.178
MinimumVisualStudioVersion = 10.0.40219.1
Project("{FAE04EC0-301F-11D3-BF4B-00C04F79EFBC}") = "EntityFrameworkNet5.ConsolApp", "EntityFrameworkNet5.ConsolApp\EntityFrameworkNet5.ConsolApp.csproj", "{C90C42CB-145A-469A-953B-C1DBDFCC884B}"
EndProject
Project("{FAE04EC0-301F-11D3-BF4B-00C04F79EFBC}") = "EntityFrameworkNet5.Data", "EntityFrameworkNet5.Data\EntityFrameworkNet5.Data.csproj", "{721A512A-F34D-4287-AA67-A9D782D8644D}"
EndProject
Project("{FAE04EC0-301F-11D3-BF4B-00C04F79EFBC}") = "EntityFrameworkNet5.Domain", "EntityFrameworkNet5.Domain\EntityFrameworkNet5.Domain.csproj", "{F5F101F4-2F4A-4D36-805B-F3688A8133C9}"
EndProject
Global
	GlobalSection(SolutionConfigurationPlatforms) = preSolution
		Debug|Any CPU = Debug|Any CPU
		Release|Any CPU = Release|Any CPU
	EndGlobalSection
	GlobalSection(ProjectConfigurationPlatforms) = postSolution
		{C90C42CB-145A-469A-953B-C1DBDFCC884B}.Debug|Any CPU.ActiveCfg = Debug|Any CPU
		{C90C42CB-145A-469A-953B-C1DBDFCC884B}.Debug|Any CPU.Build.0 = Debug|Any CPU
		{C90C42CB-145A-469A-953B-C1DBDFCC884B}.Release|Any CPU.ActiveCfg = Release|Any CPU
		{C90C42CB-145A-469A-953B-C1DBDFCC884B}.Release|Any CPU.Build.0 = Release|Any CPU
		{721A512A-F34D-4287-AA67-A9D782D8644D}.Debug|Any CPU.ActiveCfg = Debug|Any CPU
		{721A512A-F34D-4287-AA67-A9D782D8644D}.Debug|Any CPU.Build.0 = Debug|Any CPU
		{721A512A-F34D-4287-AA67-A9D782D8644D}.Release|Any CPU.ActiveCfg = Release|Any CPU
		{721A512A-F34D-4287-AA67-A9D782D8644D}.Release|Any CPU.Build.0 = Release|Any CPU
		{F5F101F4-2F4A-4D36-805B-F3688A8133C9}.Debug|Any CPU.ActiveCfg = Debug|Any CPU
		{F5F101F4-2F4A-4D36-805B-F3688A8133C9}.Debug|Any CPU.Build.0 = Debug|Any CPU
		{F5F101F4-2F4A-4D36-805B-F3688A8133C9}.Release|Any CPU.ActiveCfg = Release|Any CPU
		{F5F101F4-2F4A-4D36-805B-F3688A8133C9}.Release|Any CPU.Build.0 = Release|Any CPU
	EndGlobalSection
	GlobalSection(SolutionProperties) = preSolution
		HideSolutionNode = FALSE
	EndGlobalSection
	GlobalSection(ExtensibilityGlobals) = postSolution
		SolutionGuid = {8E0D17BB-1581-46D7-94DE-E028F8F903AB}
	EndGlobalSection
EndGlobal
